
Microsoft Visual Studio Solution File, Format Version 12.00
# Visual Studio Version 17
VisualStudioVersion = 17.9.34310.174
MinimumVisualStudioVersion = 10.0.40219.1
Project("{FAE04EC0-301F-11D3-BF4B-00C04F79EFBC}") = "Day01", "Day01\Day01.csproj", "{B65143DF-5624-492B-8DBE-B4D2A6291AF9}"
EndProject
Project("{FAE04EC0-301F-11D3-BF4B-00C04F79EFBC}") = "Day02", "Day02\Day02.csproj", "{938FE7C2-C74F-42B0-9258-E9CD44F93FAA}"
EndProject
Project("{FAE04EC0-301F-11D3-BF4B-00C04F79EFBC}") = "Day03", "Day03\Day03.csproj", "{B1F9B53C-76D5-4106-A454-FDB76B90E6F1}"
EndProject
Project("{FAE04EC0-301F-11D3-BF4B-00C04F79EFBC}") = "Day04", "Day04\Day04.csproj", "{9BD150D4-E28F-483B-8706-B9408496D811}"
EndProject
Project("{FAE04EC0-301F-11D3-BF4B-00C04F79EFBC}") = "Day05", "Day05\Day05.csproj", "{7E8B7550-288F-4C13-B863-8183F68695BF}"
EndProject
Global
	GlobalSection(SolutionConfigurationPlatforms) = preSolution
		Debug|Any CPU = Debug|Any CPU
		Release|Any CPU = Release|Any CPU
	EndGlobalSection
	GlobalSection(ProjectConfigurationPlatforms) = postSolution
		{B65143DF-5624-492B-8DBE-B4D2A6291AF9}.Debug|Any CPU.ActiveCfg = Debug|Any CPU
		{B65143DF-5624-492B-8DBE-B4D2A6291AF9}.Debug|Any CPU.Build.0 = Debug|Any CPU
		{B65143DF-5624-492B-8DBE-B4D2A6291AF9}.Release|Any CPU.ActiveCfg = Release|Any CPU
		{B65143DF-5624-492B-8DBE-B4D2A6291AF9}.Release|Any CPU.Build.0 = Release|Any CPU
		{938FE7C2-C74F-42B0-9258-E9CD44F93FAA}.Debug|Any CPU.ActiveCfg = Debug|Any CPU
		{938FE7C2-C74F-42B0-9258-E9CD44F93FAA}.Debug|Any CPU.Build.0 = Debug|Any CPU
		{938FE7C2-C74F-42B0-9258-E9CD44F93FAA}.Release|Any CPU.ActiveCfg = Release|Any CPU
		{938FE7C2-C74F-42B0-9258-E9CD44F93FAA}.Release|Any CPU.Build.0 = Release|Any CPU
		{B1F9B53C-76D5-4106-A454-FDB76B90E6F1}.Debug|Any CPU.ActiveCfg = Debug|Any CPU
		{B1F9B53C-76D5-4106-A454-FDB76B90E6F1}.Debug|Any CPU.Build.0 = Debug|Any CPU
		{B1F9B53C-76D5-4106-A454-FDB76B90E6F1}.Release|Any CPU.ActiveCfg = Release|Any CPU
		{B1F9B53C-76D5-4106-A454-FDB76B90E6F1}.Release|Any CPU.Build.0 = Release|Any CPU
		{9BD150D4-E28F-483B-8706-B9408496D811}.Debug|Any CPU.ActiveCfg = Debug|Any CPU
		{9BD150D4-E28F-483B-8706-B9408496D811}.Debug|Any CPU.Build.0 = Debug|Any CPU
		{9BD150D4-E28F-483B-8706-B9408496D811}.Release|Any CPU.ActiveCfg = Release|Any CPU
		{9BD150D4-E28F-483B-8706-B9408496D811}.Release|Any CPU.Build.0 = Release|Any CPU
		{7E8B7550-288F-4C13-B863-8183F68695BF}.Debug|Any CPU.ActiveCfg = Debug|Any CPU
		{7E8B7550-288F-4C13-B863-8183F68695BF}.Debug|Any CPU.Build.0 = Debug|Any CPU
		{7E8B7550-288F-4C13-B863-8183F68695BF}.Release|Any CPU.ActiveCfg = Release|Any CPU
		{7E8B7550-288F-4C13-B863-8183F68695BF}.Release|Any CPU.Build.0 = Release|Any CPU
	EndGlobalSection
	GlobalSection(SolutionProperties) = preSolution
		HideSolutionNode = FALSE
	EndGlobalSection
	GlobalSection(ExtensibilityGlobals) = postSolution
		SolutionGuid = {82C33338-0010-41AB-86DF-B9C5A8BEC725}
	EndGlobalSection
EndGlobal
